
Microsoft Visual Studio Solution File, Format Version 12.00
# Visual Studio Version 16
VisualStudioVersion = 16.0.31624.102
MinimumVisualStudioVersion = 10.0.40219.1
Project("{FAE04EC0-301F-11D3-BF4B-00C04F79EFBC}") = "QueueCinemaObjet", "QueueCinemaObjet.csproj", "{D3937B12-6915-45F3-BF0C-0558A5FDEECA}"
EndProject
Global
	GlobalSection(SolutionConfigurationPlatforms) = preSolution
		Debug|Any CPU = Debug|Any CPU
		Release|Any CPU = Release|Any CPU
	EndGlobalSection
	GlobalSection(ProjectConfigurationPlatforms) = postSolution
		{D3937B12-6915-45F3-BF0C-0558A5FDEECA}.Debug|Any CPU.ActiveCfg = Debug|Any CPU
		{D3937B12-6915-45F3-BF0C-0558A5FDEECA}.Debug|Any CPU.Build.0 = Debug|Any CPU
		{D3937B12-6915-45F3-BF0C-0558A5FDEECA}.Release|Any CPU.ActiveCfg = Release|Any CPU
		{D3937B12-6915-45F3-BF0C-0558A5FDEECA}.Release|Any CPU.Build.0 = Release|Any CPU
	EndGlobalSection
	GlobalSection(SolutionProperties) = preSolution
		HideSolutionNode = FALSE
	EndGlobalSection
	GlobalSection(ExtensibilityGlobals) = postSolution
		SolutionGuid = {CEAA40F7-DE79-46F0-BAB1-9C48513B1808}
	EndGlobalSection
EndGlobal
